
Microsoft Visual Studio Solution File, Format Version 12.00
# Visual Studio Version 16
VisualStudioVersion = 16.0.30611.23
MinimumVisualStudioVersion = 10.0.40219.1
Project("{9A19103F-16F7-4668-BE54-9A1E7A4F7556}") = "stealth-copy", "stealth-copy.csproj", "{51AADEAB-459C-4F06-A5D7-67AEDEEC311D}"
EndProject
Global
	GlobalSection(SolutionConfigurationPlatforms) = preSolution
		Debug|Any CPU = Debug|Any CPU
		Release|Any CPU = Release|Any CPU
	EndGlobalSection
	GlobalSection(ProjectConfigurationPlatforms) = postSolution
		{51AADEAB-459C-4F06-A5D7-67AEDEEC311D}.Debug|Any CPU.ActiveCfg = Debug|Any CPU
		{51AADEAB-459C-4F06-A5D7-67AEDEEC311D}.Debug|Any CPU.Build.0 = Debug|Any CPU
		{51AADEAB-459C-4F06-A5D7-67AEDEEC311D}.Release|Any CPU.ActiveCfg = Release|Any CPU
		{51AADEAB-459C-4F06-A5D7-67AEDEEC311D}.Release|Any CPU.Build.0 = Release|Any CPU
	EndGlobalSection
	GlobalSection(SolutionProperties) = preSolution
		HideSolutionNode = FALSE
	EndGlobalSection
	GlobalSection(ExtensibilityGlobals) = postSolution
		SolutionGuid = {0A48ECC0-7D6D-4F27-86A6-889731528E49}
	EndGlobalSection
EndGlobal
